
Microsoft Visual Studio Solution File, Format Version 12.00
# Visual Studio Version 16
VisualStudioVersion = 16.0.31911.196
MinimumVisualStudioVersion = 10.0.40219.1
Project("{FAE04EC0-301F-11D3-BF4B-00C04F79EFBC}") = "1263087", "1263087.csproj", "{9C3B6666-ED1D-412C-8F3E-4BFFBEDB7994}"
EndProject
Global
	GlobalSection(SolutionConfigurationPlatforms) = preSolution
		Debug|Any CPU = Debug|Any CPU
		Release|Any CPU = Release|Any CPU
	EndGlobalSection
	GlobalSection(ProjectConfigurationPlatforms) = postSolution
		{9C3B6666-ED1D-412C-8F3E-4BFFBEDB7994}.Debug|Any CPU.ActiveCfg = Debug|Any CPU
		{9C3B6666-ED1D-412C-8F3E-4BFFBEDB7994}.Debug|Any CPU.Build.0 = Debug|Any CPU
		{9C3B6666-ED1D-412C-8F3E-4BFFBEDB7994}.Release|Any CPU.ActiveCfg = Release|Any CPU
		{9C3B6666-ED1D-412C-8F3E-4BFFBEDB7994}.Release|Any CPU.Build.0 = Release|Any CPU
	EndGlobalSection
	GlobalSection(SolutionProperties) = preSolution
		HideSolutionNode = FALSE
	EndGlobalSection
	GlobalSection(ExtensibilityGlobals) = postSolution
		SolutionGuid = {F868D886-F2FB-4B1B-8400-E77CF6375279}
	EndGlobalSection
EndGlobal
